{
  "name": "pxeify-pxe-server",
  "version": "1.0.0",
  "lockfileVersion": 1,
  "requires": true,
  "dependencies": {
    "argp": {
      "version": "1.0.4",
      "resolved": "https://registry.npmjs.org/argp/-/argp-1.0.4.tgz",
      "integrity": "sha1-sxxzB1rW1syx2MhqzWn/MAMFsZQ="
    },
    "dhcp": {
      "version": "0.2.19",
      "resolved": "https://registry.npmjs.org/dhcp/-/dhcp-0.2.19.tgz",
      "integrity": "sha512-RQhzFYjO955zR6YUqP2NbaE6owt9sq33ACWydyKS0v7Tec71Gf2+ewNLyE91UqCtw3wmQhTAYDsWdrqzsxVNig==",
      "requires": {
        "minimist": "*"
      }
    },
    "minimist": {
      "version": "1.2.5",
      "resolved": "https://registry.npmjs.org/minimist/-/minimist-1.2.5.tgz",
      "integrity": "sha512-FM9nNUYrRBAELZQT3xeZQ7fmMOBg6nWNmJKTcgsJeaLstP/UODVpGsr5OhXhhXg6f+qtJ8uiZ+PUxkDWcgIXLw=="
    },
    "progress-bar-formatter": {
      "version": "2.0.1",
      "resolved": "https://registry.npmjs.org/progress-bar-formatter/-/progress-bar-formatter-2.0.1.tgz",
      "integrity": "sha1-DZfrsWRn4sIwg3NXIXa3w1UeVW4="
    },
    "status-bar": {
      "version": "2.0.3",
      "resolved": "https://registry.npmjs.org/status-bar/-/status-bar-2.0.3.tgz",
      "integrity": "sha1-DSaAIixFfhLeN86+FDjdScTgbhQ=",
      "requires": {
        "progress-bar-formatter": "^2.0.1"
      }
    },
    "tftp": {
      "version": "0.1.2",
      "resolved": "https://registry.npmjs.org/tftp/-/tftp-0.1.2.tgz",
      "integrity": "sha1-lWdMCn/Ku1N1Wr7wutP55U/gt7U=",
      "requires": {
        "argp": "1.0.x",
        "status-bar": "2.0.x"
      }
    }
  }
}
